<?xml version="1.0" encoding="UTF-8" standalone="yes" ?>
<CodeBlocks_project_file>
	<FileVersion major="1" minor="6" />
	<Project>
		<Option title="Rainy Day" />
		<Option pch_mode="2" />
		<Option default_target="Lin Release" />
		<Option compiler="gcc" />
		<Option virtualFolders="PenjinBase\;PenjinBase\Sprite\;PenjinBase\Particle\;PenjinBase\Menu\;PenjinBase\PlatformSpecific\;PenjinBase\PlatformSpecific\GP2X\;PenjinBase\PlatformSpecific\Wii\;PenjinBase\PlatformSpecific\Pandora\;PenjinBase\Input\;PenjinBase\Scoring\;PenjinBase\Input\KeyMapper\;PenjinBase\Draw\;PenjinBase\Particle\Collidables\;PenjinBase\Particle\Effects\;PenjinBase\3D\;PenjinBase\Sound\;PenjinBase\Particle\Particles\;PenjinBase\Menu\MenuItems\;PenjinBase\Draw\Primitives\;PenjinBase\Physics\;PenjinBase\Draw\Primitives\Trenki\;PenjinBase\Draw\3D\;PenjinBase\Physics\Vectors\old\;PenjinBase\Physics\Vectors\;PenjinBase\Physics\Vectors\Trenki\;Rainy Day\;Rainy Day\Main Game Stuff\;Rainy Day\States\;Rainy Day\Game Manager &amp; Systems\;Rainy Day\Engine Extensions\;" />
		<Build>
			<Target title="W32 Debug">
				<Option platforms="Windows;" />
				<Option output="bin\W32\RainyDay_D" prefix_auto="1" extension_auto="1" />
				<Option working_dir="built" />
				<Option object_output="obj\W32\Debug\" />
				<Option type="1" />
				<Option compiler="gcc" />
				<Compiler>
					<Add option="-g" />
					<Add option="`sdl-config --cflags`" />
					<Add option="-D_DEBUG" />
					<Add option="-D_WIN32" />
					<Add option="-DPLATFORM_PC" />
					<Add option="-DPENJIN_SDL" />
					<Add option="-DPENJIN_SCALE2X" />
				</Compiler>
				<Linker>
					<Add option="`sdl-config --libs`" />
					<Add library="C:\Program Files\CodeBlocks\MinGW\lib\libmingw32.a" />
					<Add library="C:\Program Files\CodeBlocks\MinGW\lib\libSDLmain.a" />
					<Add library="C:\Program Files\CodeBlocks\MinGW\lib\libSDL.dll.a" />
					<Add library="C:\Program Files\CodeBlocks\MinGW\lib\libopengl32.a" />
					<Add library="C:\Program Files\CodeBlocks\MinGW\lib\sdlgfx.lib" />
					<Add library="C:\Program Files\CodeBlocks\MinGW\lib\SDL_image.lib" />
					<Add library="C:\Program Files\CodeBlocks\MinGW\lib\SDL_mixer.lib" />
					<Add library="C:\Program Files\CodeBlocks\MinGW\lib\SDL_ttf.lib" />
					<Add library="C:\Program Files\CodeBlocks\MinGW\lib\libglu32.a" />
					<Add directory="..\PenjinBase\obj\W32\Debug" />
				</Linker>
			</Target>
			<Target title="W32 Release">
				<Option platforms="Windows;" />
				<Option output="built\Rainy Day" prefix_auto="1" extension_auto="1" />
				<Option working_dir="built" />
				<Option object_output="obj\W32\Release\" />
				<Option type="0" />
				<Option compiler="gcc" />
				<Compiler>
					<Add option="-O2" />
					<Add option="`sdl-config --cflags`" />
					<Add option="-DPLATFORM_PC" />
					<Add option="-D_WIN32" />
					<Add option="-DPENJIN_SDL" />
					<Add option="-DDONT_REMOVE_TRANSPARENCY_ON_SET" />
					<Add directory="C:\MinGW\include" />
					<Add directory="include\wiiuse" />
					<Add directory="C:\MinGW\include\GL" />
					<Add directory="C:\MinGW\include\SDL" />
				</Compiler>
				<Linker>
					<Add option="-s" />
					<Add option="-ming32" />
					<Add option="`sdl-config --libs`" />
					<Add library="C:\Program Files\CodeBlocks\MinGW\lib\libmingw32.a" />
					<Add library="C:\Program Files\CodeBlocks\MinGW\lib\libSDLmain.a" />
					<Add library="C:\Program Files\CodeBlocks\MinGW\lib\libSDL.dll.a" />
					<Add library="C:\Program Files\CodeBlocks\MinGW\lib\sdlgfx.lib" />
					<Add library="C:\Program Files\CodeBlocks\MinGW\lib\SDL_image.lib" />
					<Add library="C:\Program Files\CodeBlocks\MinGW\lib\SDL_mixer.lib" />
					<Add library="C:\Program Files\CodeBlocks\MinGW\lib\SDL_ttf.lib" />
					<Add directory="..\PenjinBase\obj\W32\Release" />
				</Linker>
			</Target>
			<Target title="Lin Debug">
				<Option platforms="Unix;" />
				<Option output="bin\Linux\TestSuite_D" prefix_auto="1" extension_auto="0" />
				<Option working_dir="built" />
				<Option object_output="obj\lin\Debug\" />
				<Option type="1" />
				<Option compiler="gcc" />
				<Compiler>
					<Add option="-g" />
					<Add option="-DPLATFORM_PC" />
					<Add option="-D_DEBUG" />
					<Add option="-D_LINUX" />
					<Add option="-DPENJIN_SDL" />
				</Compiler>
				<Linker>
					<Add option="`sdl-config --libs`" />
					<Add option="-lX11 -lXi" />
					<Add option="-lSDL_ttf" />
					<Add option="-lSDL_image" />
					<Add option="-lSDL_mixer" />
					<Add option="-lSDL_gfx" />
					<Add directory="..\PenjinBase\obj\lin\Debug" />
				</Linker>
			</Target>
			<Target title="Lin Release">
				<Option platforms="Unix;" />
				<Option output="bin\Linux\TestSuite_R" prefix_auto="1" extension_auto="0" />
				<Option working_dir="built" />
				<Option object_output="obj\lin\Release\" />
				<Option type="0" />
				<Option compiler="gcc" />
				<Option parameters="-C scripts/gcn.cmf" />
				<Compiler>
					<Add option="-O2" />
					<Add option="-DPLATFORM_PC" />
					<Add option="-D_LINUX" />
					<Add option="-DPENJIN_SDL" />
				</Compiler>
				<Linker>
					<Add option="-s" />
					<Add option="`sdl-config --libs`" />
					<Add option="-lX11 -lXi" />
					<Add option="-lSDL_ttf" />
					<Add option="-lSDL_image" />
					<Add option="-lSDL_mixer" />
					<Add option="-lSDL_gfx" />
					<Add directory="..\PenjinBase\obj\lin\Release" />
				</Linker>
			</Target>
			<Target title="Pandora Debug">
				<Option output="bin\Pandora\TestSuite_D.pxf" prefix_auto="1" extension_auto="0" />
				<Option working_dir="built" />
				<Option object_output="obj\Pandora\Debug\" />
				<Option type="1" />
				<Option compiler="pandora" />
				<Option use_console_runner="0" />
				<Compiler>
					<Add option="-msoft-float" />
					<Add option="-g" />
					<Add option="-DPLATFORM_PANDORA" />
					<Add option="-D_DEBUG" />
					<Add option="-DPENJIN_SDL" />
					<Add directory="$(#pandora_sdk.include)" />
					<Add directory="$(#pandora_sdk.lib)" />
				</Compiler>
				<Linker>
					<Add option="-ldl -lpthread" />
					<Add library="libSDL_mixer.a" />
					<Add library="libSDL.a" />
					<Add library="libSDL_ttf.a" />
					<Add library="libfreetype.a" />
					<Add library="libvorbisidec.a" />
					<Add library="libSDL_gfx.a" />
					<Add library="libSDL_image.a" />
					<Add library="libSDLmain.a" />
					<Add library="libts.a" />
					<Add library="libpng12.a" />
					<Add library="libpng.a" />
					<Add library="libz.a" />
				</Linker>
			</Target>
			<Target title="Pandora Release">
				<Option output="built\RainyDay" prefix_auto="1" extension_auto="0" />
				<Option working_dir="built" />
				<Option object_output="obj\Pandora\Release\" />
				<Option type="0" />
				<Option compiler="pandora" />
				<Compiler>
					<Add option="-msoft-float" />
					<Add option="-Os" />
					<Add option="-DPLATFORM_PANDORA" />
					<Add option="-DPENJIN_SDL" />
					<Add directory="$(#pandora_sdk.include)" />
					<Add directory="$(#pandora_sdk.lib)" />
				</Compiler>
				<Linker>
					<Add option="-s" />
					<Add option="-ldl -lpthread" />
					<Add library="libSDL_mixer.a" />
					<Add library="libSDL.a" />
					<Add library="libSDL_ttf.a" />
					<Add library="libfreetype.a" />
					<Add library="libvorbisidec.a" />
					<Add library="libSDL_gfx.a" />
					<Add library="libSDL_image.a" />
					<Add library="libSDLmain.a" />
					<Add library="libts.a" />
					<Add library="libpng12.a" />
					<Add library="libpng.a" />
					<Add library="libz.a" />
				</Linker>
			</Target>
			<Target title="LinGL Debug">
				<Option platforms="Unix;" />
				<Option output="bin\Linux\TestSuiteGL_D" prefix_auto="1" extension_auto="0" />
				<Option working_dir="built" />
				<Option object_output="obj\lin\DebugGL\" />
				<Option type="1" />
				<Option compiler="gcc" />
				<Compiler>
					<Add option="-g" />
					<Add option="-DPLATFORM_PC" />
					<Add option="-D_DEBUG" />
					<Add option="-D_LINUX" />
					<Add option="-DPENJIN_GL" />
				</Compiler>
				<Linker>
					<Add option="`sdl-config --libs`" />
					<Add option="-lX11 -lXi" />
					<Add option="-lGL -lGLU" />
					<Add option="-lSDL_ttf" />
					<Add option="-lSDL_image" />
					<Add option="-lSDL_mixer" />
					<Add option="-lSDL_gfx" />
					<Add directory="..\PenjinBase\obj\lin\Debug" />
				</Linker>
			</Target>
			<Target title="GP2X Debug">
				<Option output="bin\GP2X\TestSuite_D.gpe" prefix_auto="1" extension_auto="0" />
				<Option working_dir="built" />
				<Option object_output="obj\GP2X\Debug\" />
				<Option type="1" />
				<Option compiler="gcc" />
				<Option use_console_runner="0" />
				<Compiler>
					<Add option="-g" />
					<Add option="`$(#gp2x_sdk)/bin/sdl-config --cflags`" />
					<Add option="-DPLATFORM_GP2X" />
					<Add option="-D_DEBUG" />
					<Add option="-DPENJIN_SDL" />
					<Add directory="$(#gp2x_sdk.include)" />
				</Compiler>
				<Linker>
					<Add option="-lm -lg -lpthread -lSDL" />
					<Add option="`$(#gp2x_sdk)/bin/sdl-config --static-libs`" />
					<Add option="-lSDL_ttf" />
					<Add option="-lSDL_mixer" />
					<Add option="-lSDL_image" />
					<Add option="-lSDL_gfx" />
					<Add option="-lpng" />
					<Add option="-lfreetype" />
					<Add option="-lz" />
					<Add option="-lsmpeg" />
					<Add option="-ljpeg" />
					<Add option="-msoft-float" />
					<Add directory="$(#gp2x_sdk.lib)" />
				</Linker>
			</Target>
			<Target title="GP2X Release">
				<Option output="bin\GP2X\TestSuite_R.gpe" prefix_auto="1" extension_auto="0" />
				<Option working_dir="built" />
				<Option object_output="obj\GP2X\Release\" />
				<Option type="0" />
				<Option compiler="gcc" />
				<Compiler>
					<Add option="-O2" />
					<Add option="-msoft-float" />
					<Add option="-DPLATFORM_GP2X" />
					<Add option="-DPENJIN_SDL" />
					<Add directory="$(#gp2x_sdk.include)" />
				</Compiler>
				<Linker>
					<Add option="-s" />
					<Add option="-lm -lg -lpthread -lSDL" />
					<Add option="`$(#gp2x_sdk)/bin/sdl-config --static-libs`" />
					<Add option="-lSDL_ttf" />
					<Add option="-lSDL_mixer" />
					<Add option="-lSDL_image" />
					<Add option="-lSDL_gfx" />
					<Add option="-lpng" />
					<Add option="-lfreetype" />
					<Add option="-lz" />
					<Add option="-lsmpeg" />
					<Add option="-ljpeg" />
					<Add directory="$(#gp2x_sdk.lib)" />
				</Linker>
			</Target>
			<Target title="Wii Debug">
				<Option output="bin\Wii\TestSuite_D.elf" prefix_auto="1" extension_auto="0" />
				<Option working_dir="built" />
				<Option object_output="obj\Wii\Debug\" />
				<Option type="1" />
				<Option compiler="gcc" />
				<Option use_console_runner="0" />
				<Compiler>
					<Add option="-mhard-float" />
					<Add option="-meabi" />
					<Add option="-Wall" />
					<Add option="-g" />
					<Add option="-DPLATFORM_WII" />
					<Add option="-D_DEBUG" />
					<Add option="-DPENJIN_SDL" />
					<Add option="-DPENJIN_SDL_INPUT" />
					<Add directory="$(#libogc.include)" />
				</Compiler>
				<Linker>
					<Add option="-lSDL_mixer" />
					<Add option="-lsmpeg" />
					<Add option="-lSDL_image" />
					<Add option="-lSDL_gfx" />
					<Add option="-lSDL_ttf" />
					<Add option="-lSDL" />
					<Add option="-lz -lwiiuse" />
					<Add option="-lfat -lbte -logc" />
					<Add option="-lwiikeyboard" />
					<Add library="$(#libogc.lib)\libfreetype.a" />
					<Add library="$(#libogc.lib)\libpng.a" />
					<Add library="$(#libogc.lib)\libjpeg.a" />
					<Add library="$(#libogc.lib)\wii\libz.a" />
					<Add library="$(#libogc.lib)\libvorbisidec.a" />
					<Add directory="$(#libogc.lib)\wii" />
				</Linker>
			</Target>
			<Target title="Wii Release">
				<Option output="bin\Wii\TestSuite_R.elf" prefix_auto="1" extension_auto="0" />
				<Option working_dir="built" />
				<Option object_output="obj\Wii\Release\" />
				<Option type="0" />
				<Option compiler="gcc" />
				<Compiler>
					<Add option="-O2" />
					<Add option="-DPLATFORM_WII" />
					<Add option="-DPENJIN_SDL" />
					<Add directory="$(#libogc.include)" />
				</Compiler>
				<Linker>
					<Add option="-s" />
					<Add option="-lwiiuse -lbte -logc -lm" />
					<Add directory="$(#libogc.lib)\wii" />
				</Linker>
			</Target>
		</Build>
		<Compiler>
			<Add option="-Wall" />
			<Add option="`sdl-config --cflags`" />
			<Add directory="..\PenjinBase" />
			<Add directory=".\" />
		</Compiler>
		<Unit filename="..\PenjinBase\AnimatedParticle.cpp">
			<Option virtualFolder="PenjinBase\Particle\Particles\" />
		</Unit>
		<Unit filename="..\PenjinBase\AnimatedParticle.h">
			<Option virtualFolder="PenjinBase\Particle\Particles\" />
		</Unit>
		<Unit filename="..\PenjinBase\AnimatedSprite.cpp">
			<Option virtualFolder="PenjinBase\Sprite\" />
		</Unit>
		<Unit filename="..\PenjinBase\AnimatedSprite.h">
			<Option virtualFolder="PenjinBase\Sprite\" />
		</Unit>
		<Unit filename="..\PenjinBase\Animation.cpp">
			<Option virtualFolder="PenjinBase\Draw\" />
		</Unit>
		<Unit filename="..\PenjinBase\Animation.h">
			<Option virtualFolder="PenjinBase\Draw\" />
		</Unit>
		<Unit filename="..\PenjinBase\AnimationMenuItem.cpp">
			<Option virtualFolder="PenjinBase\Menu\MenuItems\" />
		</Unit>
		<Unit filename="..\PenjinBase\AnimationMenuItem.h">
			<Option virtualFolder="PenjinBase\Menu\MenuItems\" />
		</Unit>
		<Unit filename="..\PenjinBase\AnimationStringMenuItem.cpp">
			<Option virtualFolder="PenjinBase\Menu\MenuItems\" />
		</Unit>
		<Unit filename="..\PenjinBase\AnimationStringMenuItem.h">
			<Option virtualFolder="PenjinBase\Menu\MenuItems\" />
		</Unit>
		<Unit filename="..\PenjinBase\BackBuffer.cpp">
			<Option virtualFolder="PenjinBase\Draw\" />
		</Unit>
		<Unit filename="..\PenjinBase\BackBuffer.h">
			<Option virtualFolder="PenjinBase\Draw\" />
		</Unit>
		<Unit filename="..\PenjinBase\Background.cpp">
			<Option virtualFolder="PenjinBase\Draw\" />
		</Unit>
		<Unit filename="..\PenjinBase\Background.h">
			<Option virtualFolder="PenjinBase\Draw\" />
		</Unit>
		<Unit filename="..\PenjinBase\BaseState.cpp">
			<Option virtualFolder="PenjinBase\" />
		</Unit>
		<Unit filename="..\PenjinBase\BaseState.h">
			<Option virtualFolder="PenjinBase\" />
		</Unit>
		<Unit filename="..\PenjinBase\CollisionRegion.cpp">
			<Option virtualFolder="PenjinBase\" />
		</Unit>
		<Unit filename="..\PenjinBase\CollisionRegion.h">
			<Option virtualFolder="PenjinBase\" />
		</Unit>
		<Unit filename="..\PenjinBase\Colour.cpp">
			<Option virtualFolder="PenjinBase\" />
		</Unit>
		<Unit filename="..\PenjinBase\Colour.h">
			<Option virtualFolder="PenjinBase\" />
		</Unit>
		<Unit filename="..\PenjinBase\ColourHSL.cpp">
			<Option virtualFolder="PenjinBase\" />
		</Unit>
		<Unit filename="..\PenjinBase\ColourHSL.h">
			<Option virtualFolder="PenjinBase\" />
		</Unit>
		<Unit filename="..\PenjinBase\Command.cpp">
			<Option virtualFolder="PenjinBase\" />
		</Unit>
		<Unit filename="..\PenjinBase\Command.h">
			<Option virtualFolder="PenjinBase\" />
		</Unit>
		<Unit filename="..\PenjinBase\DirMenuItem.cpp">
			<Option virtualFolder="PenjinBase\" />
		</Unit>
		<Unit filename="..\PenjinBase\DirMenuItem.h">
			<Option virtualFolder="PenjinBase\" />
		</Unit>
		<Unit filename="..\PenjinBase\DoubleVector.h">
			<Option virtualFolder="PenjinBase\" />
		</Unit>
		<Unit filename="..\PenjinBase\Emitter.cpp">
			<Option virtualFolder="PenjinBase\Particle\" />
		</Unit>
		<Unit filename="..\PenjinBase\Emitter.h">
			<Option virtualFolder="PenjinBase\Particle\" />
		</Unit>
		<Unit filename="..\PenjinBase\Encryption.cpp">
			<Option virtualFolder="PenjinBase\" />
		</Unit>
		<Unit filename="..\PenjinBase\Encryption.h">
			<Option virtualFolder="PenjinBase\" />
		</Unit>
		<Unit filename="..\PenjinBase\Engine.cpp">
			<Option virtualFolder="PenjinBase\" />
		</Unit>
		<Unit filename="..\PenjinBase\Engine.h">
			<Option virtualFolder="PenjinBase\" />
		</Unit>
		<Unit filename="..\PenjinBase\ErrorHandler.h">
			<Option virtualFolder="PenjinBase\" />
		</Unit>
		<Unit filename="..\PenjinBase\FileLister.cpp">
			<Option virtualFolder="PenjinBase\" />
		</Unit>
		<Unit filename="..\PenjinBase\FileLister.h">
			<Option virtualFolder="PenjinBase\" />
		</Unit>
		<Unit filename="..\PenjinBase\GFX.cpp">
			<Option virtualFolder="PenjinBase\Draw\" />
		</Unit>
		<Unit filename="..\PenjinBase\GFX.h">
			<Option virtualFolder="PenjinBase\Draw\" />
		</Unit>
		<Unit filename="..\PenjinBase\Glyph.cpp">
			<Option virtualFolder="PenjinBase\" />
		</Unit>
		<Unit filename="..\PenjinBase\Glyph.h">
			<Option virtualFolder="PenjinBase\" />
		</Unit>
		<Unit filename="..\PenjinBase\HiScore.cpp">
			<Option virtualFolder="PenjinBase\Scoring\" />
		</Unit>
		<Unit filename="..\PenjinBase\HiScore.h">
			<Option virtualFolder="PenjinBase\Scoring\" />
		</Unit>
		<Unit filename="..\PenjinBase\Image.cpp">
			<Option virtualFolder="PenjinBase\Draw\" />
		</Unit>
		<Unit filename="..\PenjinBase\Image.h">
			<Option virtualFolder="PenjinBase\Draw\" />
		</Unit>
		<Unit filename="..\PenjinBase\ImageMenuItem.cpp">
			<Option virtualFolder="PenjinBase\Menu\MenuItems\" />
		</Unit>
		<Unit filename="..\PenjinBase\ImageMenuItem.h">
			<Option virtualFolder="PenjinBase\Menu\MenuItems\" />
		</Unit>
		<Unit filename="..\PenjinBase\ImageStringMenuItem.cpp">
			<Option virtualFolder="PenjinBase\Menu\MenuItems\" />
		</Unit>
		<Unit filename="..\PenjinBase\ImageStringMenuItem.h">
			<Option virtualFolder="PenjinBase\Menu\MenuItems\" />
		</Unit>
		<Unit filename="..\PenjinBase\KeyDefines.h">
			<Option virtualFolder="PenjinBase\Input\" />
		</Unit>
		<Unit filename="..\PenjinBase\KeyMap.cpp">
			<Option virtualFolder="PenjinBase\Input\KeyMapper\" />
		</Unit>
		<Unit filename="..\PenjinBase\KeyMap.h">
			<Option virtualFolder="PenjinBase\Input\KeyMapper\" />
		</Unit>
		<Unit filename="..\PenjinBase\KeyMapDigitalJoyAxis.cpp">
			<Option virtualFolder="PenjinBase\Input\KeyMapper\" />
		</Unit>
		<Unit filename="..\PenjinBase\KeyMapDigitalJoyAxis.h">
			<Option virtualFolder="PenjinBase\Input\KeyMapper\" />
		</Unit>
		<Unit filename="..\PenjinBase\KeyMapHat.cpp">
			<Option virtualFolder="PenjinBase\Input\KeyMapper\" />
		</Unit>
		<Unit filename="..\PenjinBase\KeyMapHat.h">
			<Option virtualFolder="PenjinBase\Input\KeyMapper\" />
		</Unit>
		<Unit filename="..\PenjinBase\KeyMapJoyAxis.cpp">
			<Option virtualFolder="PenjinBase\Input\KeyMapper\" />
		</Unit>
		<Unit filename="..\PenjinBase\KeyMapJoyAxis.h">
			<Option virtualFolder="PenjinBase\Input\KeyMapper\" />
		</Unit>
		<Unit filename="..\PenjinBase\KeyMapJoyButton.cpp">
			<Option virtualFolder="PenjinBase\Input\KeyMapper\" />
		</Unit>
		<Unit filename="..\PenjinBase\KeyMapJoyButton.h">
			<Option virtualFolder="PenjinBase\Input\KeyMapper\" />
		</Unit>
		<Unit filename="..\PenjinBase\KeyMapKey.cpp">
			<Option virtualFolder="PenjinBase\Input\KeyMapper\" />
		</Unit>
		<Unit filename="..\PenjinBase\KeyMapKey.h">
			<Option virtualFolder="PenjinBase\Input\KeyMapper\" />
		</Unit>
		<Unit filename="..\PenjinBase\KeyMapMouseAxis.cpp">
			<Option virtualFolder="PenjinBase\Input\KeyMapper\" />
		</Unit>
		<Unit filename="..\PenjinBase\KeyMapMouseAxis.h">
			<Option virtualFolder="PenjinBase\Input\KeyMapper\" />
		</Unit>
		<Unit filename="..\PenjinBase\KeyMapMouseButton.cpp">
			<Option virtualFolder="PenjinBase\Input\KeyMapper\" />
		</Unit>
		<Unit filename="..\PenjinBase\KeyMapMouseButton.h">
			<Option virtualFolder="PenjinBase\Input\KeyMapper\" />
		</Unit>
		<Unit filename="..\PenjinBase\KeyMapper.cpp">
			<Option virtualFolder="PenjinBase\Input\KeyMapper\" />
		</Unit>
		<Unit filename="..\PenjinBase\KeyMapper.h">
			<Option virtualFolder="PenjinBase\Input\KeyMapper\" />
		</Unit>
		<Unit filename="..\PenjinBase\KeyWord.h">
			<Option virtualFolder="PenjinBase\" />
		</Unit>
		<Unit filename="..\PenjinBase\KeyboardDefines.h">
			<Option virtualFolder="PenjinBase\Input\" />
		</Unit>
		<Unit filename="..\PenjinBase\LUT.cpp">
			<Option virtualFolder="PenjinBase\" />
		</Unit>
		<Unit filename="..\PenjinBase\LUT.h">
			<Option virtualFolder="PenjinBase\" />
		</Unit>
		<Unit filename="..\PenjinBase\Line.cpp">
			<Option virtualFolder="PenjinBase\Draw\Primitives\" />
		</Unit>
		<Unit filename="..\PenjinBase\Line.h">
			<Option virtualFolder="PenjinBase\Draw\Primitives\" />
		</Unit>
		<Unit filename="..\PenjinBase\MMUHack.cpp">
			<Option virtualFolder="PenjinBase\PlatformSpecific\GP2X\" />
			<Option target="GP2X Debug" />
			<Option target="GP2X Release" />
			<Option target="Wii Debug" />
			<Option target="Wii Release" />
		</Unit>
		<Unit filename="..\PenjinBase\MMUHack.h">
			<Option virtualFolder="PenjinBase\PlatformSpecific\GP2X\" />
		</Unit>
		<Unit filename="..\PenjinBase\Menu.cpp">
			<Option virtualFolder="PenjinBase\Menu\" />
		</Unit>
		<Unit filename="..\PenjinBase\Menu.h">
			<Option virtualFolder="PenjinBase\Menu\" />
		</Unit>
		<Unit filename="..\PenjinBase\MenuItem.cpp">
			<Option virtualFolder="PenjinBase\Menu\MenuItems\" />
		</Unit>
		<Unit filename="..\PenjinBase\MenuItem.h">
			<Option virtualFolder="PenjinBase\Menu\MenuItems\" />
		</Unit>
		<Unit filename="..\PenjinBase\Music.cpp">
			<Option virtualFolder="PenjinBase\Sound\" />
		</Unit>
		<Unit filename="..\PenjinBase\Music.h">
			<Option virtualFolder="PenjinBase\Sound\" />
		</Unit>
		<Unit filename="..\PenjinBase\NumberUtility.cpp">
			<Option virtualFolder="PenjinBase\" />
		</Unit>
		<Unit filename="..\PenjinBase\NumberUtility.h">
			<Option virtualFolder="PenjinBase\" />
		</Unit>
		<Unit filename="..\PenjinBase\Parser.cpp">
			<Option virtualFolder="PenjinBase\" />
		</Unit>
		<Unit filename="..\PenjinBase\Parser.h">
			<Option virtualFolder="PenjinBase\" />
		</Unit>
		<Unit filename="..\PenjinBase\Particle.cpp">
			<Option virtualFolder="PenjinBase\Particle\Particles\" />
		</Unit>
		<Unit filename="..\PenjinBase\Particle.h">
			<Option virtualFolder="PenjinBase\Particle\Particles\" />
		</Unit>
		<Unit filename="..\PenjinBase\ParticleCollider.cpp">
			<Option virtualFolder="PenjinBase\Particle\Collidables\" />
		</Unit>
		<Unit filename="..\PenjinBase\ParticleCollider.h">
			<Option virtualFolder="PenjinBase\Particle\Collidables\" />
		</Unit>
		<Unit filename="..\PenjinBase\ParticleKiller.cpp">
			<Option virtualFolder="PenjinBase\Particle\Collidables\" />
		</Unit>
		<Unit filename="..\PenjinBase\ParticleKiller.h">
			<Option virtualFolder="PenjinBase\Particle\Collidables\" />
		</Unit>
		<Unit filename="..\PenjinBase\ParticleMirror.cpp">
			<Option virtualFolder="PenjinBase\Particle\Collidables\" />
		</Unit>
		<Unit filename="..\PenjinBase\ParticleMirror.h">
			<Option virtualFolder="PenjinBase\Particle\Collidables\" />
		</Unit>
		<Unit filename="..\PenjinBase\Penjin.cpp">
			<Option virtualFolder="PenjinBase\" />
		</Unit>
		<Unit filename="..\PenjinBase\Penjin.h">
			<Option virtualFolder="PenjinBase\" />
		</Unit>
		<Unit filename="..\PenjinBase\PenjinErrors.h">
			<Option virtualFolder="PenjinBase\" />
		</Unit>
		<Unit filename="..\PenjinBase\PenjinFixedFunc.cpp">
			<Option virtualFolder="PenjinBase\Physics\Vectors\" />
		</Unit>
		<Unit filename="..\PenjinBase\PenjinFixedFunc.h">
			<Option virtualFolder="PenjinBase\Physics\Vectors\" />
		</Unit>
		<Unit filename="..\PenjinBase\PenjinIncludes.h">
			<Option virtualFolder="PenjinBase\" />
		</Unit>
		<Unit filename="..\PenjinBase\PenjinStates.h">
			<Option virtualFolder="PenjinBase\" />
		</Unit>
		<Unit filename="..\PenjinBase\PenjinTypes.h">
			<Option virtualFolder="PenjinBase\" />
		</Unit>
		<Unit filename="..\PenjinBase\Pixel.cpp">
			<Option virtualFolder="PenjinBase\Draw\Primitives\" />
		</Unit>
		<Unit filename="..\PenjinBase\Pixel.h">
			<Option virtualFolder="PenjinBase\Draw\Primitives\" />
		</Unit>
		<Unit filename="..\PenjinBase\Random.cpp">
			<Option virtualFolder="PenjinBase\" />
		</Unit>
		<Unit filename="..\PenjinBase\Random.h">
			<Option virtualFolder="PenjinBase\" />
		</Unit>
		<Unit filename="..\PenjinBase\Raycast.cpp">
			<Option virtualFolder="PenjinBase\" />
		</Unit>
		<Unit filename="..\PenjinBase\Raycast.h">
			<Option virtualFolder="PenjinBase\" />
		</Unit>
		<Unit filename="..\PenjinBase\Rectangle.cpp">
			<Option virtualFolder="PenjinBase\Draw\Primitives\" />
		</Unit>
		<Unit filename="..\PenjinBase\Rectangle.h">
			<Option virtualFolder="PenjinBase\Draw\Primitives\" />
		</Unit>
		<Unit filename="..\PenjinBase\Score.cpp">
			<Option virtualFolder="PenjinBase\Scoring\" />
		</Unit>
		<Unit filename="..\PenjinBase\Score.h">
			<Option virtualFolder="PenjinBase\Scoring\" />
		</Unit>
		<Unit filename="..\PenjinBase\ScoreScreen.cpp">
			<Option virtualFolder="PenjinBase\Scoring\" />
		</Unit>
		<Unit filename="..\PenjinBase\ScoreScreen.h">
			<Option virtualFolder="PenjinBase\Scoring\" />
		</Unit>
		<Unit filename="..\PenjinBase\ScreenPartition.cpp">
			<Option virtualFolder="PenjinBase\" />
		</Unit>
		<Unit filename="..\PenjinBase\ScreenPartition.h">
			<Option virtualFolder="PenjinBase\" />
		</Unit>
		<Unit filename="..\PenjinBase\SimpleDirection.cpp">
			<Option virtualFolder="PenjinBase\" />
		</Unit>
		<Unit filename="..\PenjinBase\SimpleDirection.h">
			<Option virtualFolder="PenjinBase\" />
		</Unit>
		<Unit filename="..\PenjinBase\SimpleJoy.cpp">
			<Option virtualFolder="PenjinBase\Input\" />
		</Unit>
		<Unit filename="..\PenjinBase\SimpleJoy.h">
			<Option virtualFolder="PenjinBase\Input\" />
		</Unit>
		<Unit filename="..\PenjinBase\Sound.cpp">
			<Option virtualFolder="PenjinBase\Sound\" />
		</Unit>
		<Unit filename="..\PenjinBase\Sound.h">
			<Option virtualFolder="PenjinBase\Sound\" />
		</Unit>
		<Unit filename="..\PenjinBase\Sprite.cpp">
			<Option virtualFolder="PenjinBase\Sprite\" />
		</Unit>
		<Unit filename="..\PenjinBase\Sprite.h">
			<Option virtualFolder="PenjinBase\Sprite\" />
		</Unit>
		<Unit filename="..\PenjinBase\SpriteParticle.cpp">
			<Option virtualFolder="PenjinBase\Particle\Particles\" />
		</Unit>
		<Unit filename="..\PenjinBase\SpriteParticle.h">
			<Option virtualFolder="PenjinBase\Particle\Particles\" />
		</Unit>
		<Unit filename="..\PenjinBase\StarField.cpp">
			<Option virtualFolder="PenjinBase\Particle\Effects\" />
		</Unit>
		<Unit filename="..\PenjinBase\StarField.h">
			<Option virtualFolder="PenjinBase\Particle\Effects\" />
		</Unit>
		<Unit filename="..\PenjinBase\StringMenuItem.cpp">
			<Option virtualFolder="PenjinBase\Menu\MenuItems\" />
		</Unit>
		<Unit filename="..\PenjinBase\StringMenuItem.h">
			<Option virtualFolder="PenjinBase\Menu\MenuItems\" />
		</Unit>
		<Unit filename="..\PenjinBase\StringUtility.cpp">
			<Option virtualFolder="PenjinBase\" />
		</Unit>
		<Unit filename="..\PenjinBase\StringUtility.h">
			<Option virtualFolder="PenjinBase\" />
		</Unit>
		<Unit filename="..\PenjinBase\SurfaceCache.cpp">
			<Option virtualFolder="PenjinBase\" />
		</Unit>
		<Unit filename="..\PenjinBase\SurfaceCache.h">
			<Option virtualFolder="PenjinBase\" />
		</Unit>
		<Unit filename="..\PenjinBase\Text.cpp">
			<Option virtualFolder="PenjinBase\" />
		</Unit>
		<Unit filename="..\PenjinBase\Text.h">
			<Option virtualFolder="PenjinBase\" />
		</Unit>
		<Unit filename="..\PenjinBase\TextDoc.cpp">
			<Option virtualFolder="PenjinBase\" />
		</Unit>
		<Unit filename="..\PenjinBase\TextDoc.h">
			<Option virtualFolder="PenjinBase\" />
		</Unit>
		<Unit filename="..\PenjinBase\Texture.cpp">
			<Option virtualFolder="PenjinBase\Draw\3D\" />
		</Unit>
		<Unit filename="..\PenjinBase\Texture.h">
			<Option virtualFolder="PenjinBase\Draw\3D\" />
		</Unit>
		<Unit filename="..\PenjinBase\Timer.cpp">
			<Option virtualFolder="PenjinBase\" />
		</Unit>
		<Unit filename="..\PenjinBase\Timer.h">
			<Option virtualFolder="PenjinBase\" />
		</Unit>
		<Unit filename="..\PenjinBase\Variable.cpp">
			<Option virtualFolder="PenjinBase\" />
		</Unit>
		<Unit filename="..\PenjinBase\Variable.h">
			<Option virtualFolder="PenjinBase\" />
		</Unit>
		<Unit filename="..\PenjinBase\Vector2df.cpp">
			<Option virtualFolder="PenjinBase\Physics\Vectors\" />
		</Unit>
		<Unit filename="..\PenjinBase\Vector2df.h">
			<Option virtualFolder="PenjinBase\Physics\Vectors\" />
		</Unit>
		<Unit filename="..\PenjinBase\Vector2di.cpp">
			<Option virtualFolder="PenjinBase\Physics\Vectors\" />
		</Unit>
		<Unit filename="..\PenjinBase\Vector2di.h">
			<Option virtualFolder="PenjinBase\Physics\Vectors\" />
		</Unit>
		<Unit filename="..\PenjinBase\Vector2dx.cpp">
			<Option virtualFolder="PenjinBase\Physics\Vectors\" />
		</Unit>
		<Unit filename="..\PenjinBase\Vector2dx.h">
			<Option virtualFolder="PenjinBase\Physics\Vectors\" />
		</Unit>
		<Unit filename="..\PenjinBase\Vector3d.cpp">
			<Option virtualFolder="PenjinBase\Physics\Vectors\old\" />
		</Unit>
		<Unit filename="..\PenjinBase\Vector3d.h">
			<Option virtualFolder="PenjinBase\Physics\Vectors\old\" />
		</Unit>
		<Unit filename="..\PenjinBase\Vector3df.cpp">
			<Option virtualFolder="PenjinBase\Physics\Vectors\" />
		</Unit>
		<Unit filename="..\PenjinBase\Vector3df.h">
			<Option virtualFolder="PenjinBase\Physics\Vectors\" />
		</Unit>
		<Unit filename="..\PenjinBase\Vector3di.cpp">
			<Option virtualFolder="PenjinBase\Physics\Vectors\" />
		</Unit>
		<Unit filename="..\PenjinBase\Vector3di.h">
			<Option virtualFolder="PenjinBase\Physics\Vectors\" />
		</Unit>
		<Unit filename="..\PenjinBase\Vector3dx.cpp">
			<Option virtualFolder="PenjinBase\Physics\Vectors\" />
		</Unit>
		<Unit filename="..\PenjinBase\Vector3dx.h">
			<Option virtualFolder="PenjinBase\Physics\Vectors\" />
		</Unit>
		<Unit filename="..\PenjinBase\WiiJoy.cpp">
			<Option virtualFolder="PenjinBase\PlatformSpecific\Wii\" />
		</Unit>
		<Unit filename="..\PenjinBase\WiiJoy.h">
			<Option virtualFolder="PenjinBase\PlatformSpecific\Wii\" />
		</Unit>
		<Unit filename="..\PenjinBase\mmuhack\flush_uppermem_cache.h">
			<Option virtualFolder="PenjinBase\PlatformSpecific\GP2X\" />
			<Option target="GP2X Debug" />
			<Option target="GP2X Release" />
			<Option target="Wii Debug" />
			<Option target="Wii Release" />
		</Unit>
		<Unit filename="..\PenjinBase\mmuhack\flush_uppermem_cache.s">
			<Option virtualFolder="PenjinBase\PlatformSpecific\GP2X\" />
			<Option target="GP2X Debug" />
			<Option target="GP2X Release" />
		</Unit>
		<Unit filename="..\PenjinBase\trenki\fixed_class.h">
			<Option virtualFolder="PenjinBase\Physics\Vectors\Trenki\" />
		</Unit>
		<Unit filename="..\PenjinBase\trenki\fixed_func.cpp">
			<Option virtualFolder="PenjinBase\Physics\Vectors\Trenki\" />
		</Unit>
		<Unit filename="..\PenjinBase\trenki\fixed_func.h">
			<Option virtualFolder="PenjinBase\Physics\Vectors\Trenki\" />
		</Unit>
		<Unit filename="..\PenjinBase\trenki\vector_math.h">
			<Option virtualFolder="PenjinBase\Physics\Vectors\Trenki\" />
		</Unit>
		<Unit filename="BaseUnit.cpp">
			<Option virtualFolder="Rainy Day\" />
		</Unit>
		<Unit filename="BaseUnit.h">
			<Option virtualFolder="Rainy Day\" />
		</Unit>
		<Unit filename="Beam.cpp">
			<Option virtualFolder="Rainy Day\" />
		</Unit>
		<Unit filename="Beam.h">
			<Option virtualFolder="Rainy Day\" />
		</Unit>
		<Unit filename="Camera.cpp">
			<Option virtualFolder="Rainy Day\" />
		</Unit>
		<Unit filename="Camera.h">
			<Option virtualFolder="Rainy Day\" />
		</Unit>
		<Unit filename="CollisionMap.cpp">
			<Option virtualFolder="Rainy Day\Engine Extensions\" />
		</Unit>
		<Unit filename="CollisionMap.h">
			<Option virtualFolder="Rainy Day\Engine Extensions\" />
		</Unit>
		<Unit filename="Container.cpp">
			<Option virtualFolder="Rainy Day\" />
		</Unit>
		<Unit filename="Container.h">
			<Option virtualFolder="Rainy Day\" />
		</Unit>
		<Unit filename="EffectSystem.cpp">
			<Option virtualFolder="Rainy Day\Game Manager &amp; Systems\" />
		</Unit>
		<Unit filename="EffectSystem.h">
			<Option virtualFolder="Rainy Day\Game Manager &amp; Systems\" />
		</Unit>
		<Unit filename="Enemy.cpp">
			<Option virtualFolder="Rainy Day\" />
		</Unit>
		<Unit filename="Enemy.h">
			<Option virtualFolder="Rainy Day\" />
		</Unit>
		<Unit filename="GameManager.cpp">
			<Option virtualFolder="Rainy Day\Game Manager &amp; Systems\" />
		</Unit>
		<Unit filename="GameManager.h">
			<Option virtualFolder="Rainy Day\Game Manager &amp; Systems\" />
		</Unit>
		<Unit filename="Hero.cpp">
			<Option virtualFolder="Rainy Day\" />
		</Unit>
		<Unit filename="Hero.h">
			<Option virtualFolder="Rainy Day\" />
		</Unit>
		<Unit filename="HitRegion.cpp">
			<Option virtualFolder="Rainy Day\Engine Extensions\" />
		</Unit>
		<Unit filename="HitRegion.h">
			<Option virtualFolder="Rainy Day\Engine Extensions\" />
		</Unit>
		<Unit filename="Hud.cpp">
			<Option virtualFolder="Rainy Day\Game Manager &amp; Systems\" />
		</Unit>
		<Unit filename="Hud.h">
			<Option virtualFolder="Rainy Day\Game Manager &amp; Systems\" />
		</Unit>
		<Unit filename="Input.cpp">
			<Option virtualFolder="Rainy Day\Game Manager &amp; Systems\" />
		</Unit>
		<Unit filename="Input.h">
			<Option virtualFolder="Rainy Day\Game Manager &amp; Systems\" />
		</Unit>
		<Unit filename="Item.cpp">
			<Option virtualFolder="Rainy Day\" />
		</Unit>
		<Unit filename="Item.h">
			<Option virtualFolder="Rainy Day\" />
		</Unit>
		<Unit filename="MyGame.cpp">
			<Option virtualFolder="Rainy Day\Main Game Stuff\" />
		</Unit>
		<Unit filename="MyGame.h">
			<Option virtualFolder="Rainy Day\Main Game Stuff\" />
		</Unit>
		<Unit filename="SoundSystem.cpp">
			<Option virtualFolder="Rainy Day\Game Manager &amp; Systems\" />
		</Unit>
		<Unit filename="SoundSystem.h">
			<Option virtualFolder="Rainy Day\Game Manager &amp; Systems\" />
		</Unit>
		<Unit filename="StateCredits.cpp">
			<Option virtualFolder="Rainy Day\States\" />
		</Unit>
		<Unit filename="StateCredits.h">
			<Option virtualFolder="Rainy Day\States\" />
		</Unit>
		<Unit filename="StateLevel.cpp">
			<Option virtualFolder="Rainy Day\States\" />
		</Unit>
		<Unit filename="StateLevel.h">
			<Option virtualFolder="Rainy Day\States\" />
		</Unit>
		<Unit filename="StateStory.cpp">
			<Option virtualFolder="Rainy Day\States\" />
		</Unit>
		<Unit filename="StateStory.h">
			<Option virtualFolder="Rainy Day\States\" />
		</Unit>
		<Unit filename="StateTitle.cpp">
			<Option virtualFolder="Rainy Day\States\" />
		</Unit>
		<Unit filename="StateTitle.h">
			<Option virtualFolder="Rainy Day\States\" />
		</Unit>
		<Unit filename="TextBox.cpp">
			<Option virtualFolder="Rainy Day\Game Manager &amp; Systems\" />
		</Unit>
		<Unit filename="TextBox.h">
			<Option virtualFolder="Rainy Day\Game Manager &amp; Systems\" />
		</Unit>
		<Unit filename="_main.cpp">
			<Option virtualFolder="Rainy Day\Main Game Stuff\" />
		</Unit>
		<Unit filename="userStates.h">
			<Option virtualFolder="Rainy Day\Main Game Stuff\" />
		</Unit>
		<Unit filename="version.h">
			<Option virtualFolder="Rainy Day\Main Game Stuff\" />
		</Unit>
		<Extensions>
			<envvars />
			<code_completion />
			<debugger />
			<lib_finder disable_auto="1" />
			<AutoVersioning>
				<Scheme minor_max="10" build_max="0" rev_max="0" rev_rand_max="10" build_times_to_increment_minor="400" />
				<Settings autoincrement="1" date_declarations="1" do_auto_increment="1" ask_to_increment="0" language="C++" svn="0" svn_directory="" header_path="version.h" />
				<Changes_Log show_changes_editor="1" app_title="released version %M.%m.%b of %p" changeslog_path="ChangesLog.txt" />
			</AutoVersioning>
		</Extensions>
	</Project>
</CodeBlocks_project_file>
